
Microsoft Visual Studio Solution File, Format Version 12.00
# Visual Studio Version 17
VisualStudioVersion = 17.11.35303.130
MinimumVisualStudioVersion = 10.0.40219.1
Project("{9A19103F-16F7-4668-BE54-9A1E7A4F7556}") = "App.Repositories", "Repositories\App.Repositories.csproj", "{84C6C535-61AA-44C0-BF14-FCF09BF3E3F5}"
EndProject
Project("{9A19103F-16F7-4668-BE54-9A1E7A4F7556}") = "App.Services", "Services\App.Services.csproj", "{B3330A43-9178-4D4B-8101-32B1DA6B67A6}"
EndProject
Project("{FAE04EC0-301F-11D3-BF4B-00C04F79EFBC}") = "App.API", "App.API\App.API.csproj", "{8E2B539D-B3AB-4163-8353-8149D58252EF}"
EndProject
Global
	GlobalSection(SolutionConfigurationPlatforms) = preSolution
		Debug|Any CPU = Debug|Any CPU
		Release|Any CPU = Release|Any CPU
	EndGlobalSection
	GlobalSection(ProjectConfigurationPlatforms) = postSolution
		{84C6C535-61AA-44C0-BF14-FCF09BF3E3F5}.Debug|Any CPU.ActiveCfg = Debug|Any CPU
		{84C6C535-61AA-44C0-BF14-FCF09BF3E3F5}.Debug|Any CPU.Build.0 = Debug|Any CPU
		{84C6C535-61AA-44C0-BF14-FCF09BF3E3F5}.Release|Any CPU.ActiveCfg = Release|Any CPU
		{84C6C535-61AA-44C0-BF14-FCF09BF3E3F5}.Release|Any CPU.Build.0 = Release|Any CPU
		{B3330A43-9178-4D4B-8101-32B1DA6B67A6}.Debug|Any CPU.ActiveCfg = Debug|Any CPU
		{B3330A43-9178-4D4B-8101-32B1DA6B67A6}.Debug|Any CPU.Build.0 = Debug|Any CPU
		{B3330A43-9178-4D4B-8101-32B1DA6B67A6}.Release|Any CPU.ActiveCfg = Release|Any CPU
		{B3330A43-9178-4D4B-8101-32B1DA6B67A6}.Release|Any CPU.Build.0 = Release|Any CPU
		{8E2B539D-B3AB-4163-8353-8149D58252EF}.Debug|Any CPU.ActiveCfg = Debug|Any CPU
		{8E2B539D-B3AB-4163-8353-8149D58252EF}.Debug|Any CPU.Build.0 = Debug|Any CPU
		{8E2B539D-B3AB-4163-8353-8149D58252EF}.Release|Any CPU.ActiveCfg = Release|Any CPU
		{8E2B539D-B3AB-4163-8353-8149D58252EF}.Release|Any CPU.Build.0 = Release|Any CPU
	EndGlobalSection
	GlobalSection(SolutionProperties) = preSolution
		HideSolutionNode = FALSE
	EndGlobalSection
	GlobalSection(ExtensibilityGlobals) = postSolution
		SolutionGuid = {0FB9C593-F7BC-4F01-A1F9-6C02A70C1637}
	EndGlobalSection
EndGlobal
